
Microsoft Visual Studio Solution File, Format Version 12.00
# Visual Studio Version 17
VisualStudioVersion = 17.6.33723.286
MinimumVisualStudioVersion = 10.0.40219.1
Project("{FAE04EC0-301F-11D3-BF4B-00C04F79EFBC}") = "ToDo", "ToDo\ToDo.csproj", "{BB9F976B-C131-460C-82AE-532D199E1AE3}"
EndProject
Global
	GlobalSection(SolutionConfigurationPlatforms) = preSolution
		Debug|Any CPU = Debug|Any CPU
		Release|Any CPU = Release|Any CPU
	EndGlobalSection
	GlobalSection(ProjectConfigurationPlatforms) = postSolution
		{BB9F976B-C131-460C-82AE-532D199E1AE3}.Debug|Any CPU.ActiveCfg = Debug|Any CPU
		{BB9F976B-C131-460C-82AE-532D199E1AE3}.Debug|Any CPU.Build.0 = Debug|Any CPU
		{BB9F976B-C131-460C-82AE-532D199E1AE3}.Release|Any CPU.ActiveCfg = Release|Any CPU
		{BB9F976B-C131-460C-82AE-532D199E1AE3}.Release|Any CPU.Build.0 = Release|Any CPU
	EndGlobalSection
	GlobalSection(SolutionProperties) = preSolution
		HideSolutionNode = FALSE
	EndGlobalSection
	GlobalSection(ExtensibilityGlobals) = postSolution
		SolutionGuid = {2F461862-605C-4A60-AA06-EE548FEB292B}
	EndGlobalSection
EndGlobal
